// !$*UTF8*$!
{
	archiveVersion = 1;
	classes = {
	};
	objectVersion = 56;
	objects = {

/* Begin PBXBuildFile section */
		1B7BA8982DED586000C7B8F2 /* TalkItOutApp.swift in Sources */ = {isa = PBXBuildFile; fileRef = 1B7BA8972DED586000C7B8F2 /* TalkItOutApp.swift */; };
		1B7BA89A2DED586000C7B8F2 /* Persistence.swift in Sources */ = {isa = PBXBuildFile; fileRef = 1B7BA8992DED586000C7B8F2 /* Persistence.swift */; };
		1B7BA89D2DED586000C7B8F2 /* TalkItOut.xcdatamodeld in Sources */ = {isa = PBXBuildFile; fileRef = 1B7BA89B2DED586000C7B8F2 /* TalkItOut.xcdatamodeld */; };
		1B7BA89F2DED586000C7B8F2 /* ContentView.swift in Sources */ = {isa = PBXBuildFile; fileRef = 1B7BA89E2DED586000C7B8F2 /* ContentView.swift */; };
		1B7BA8A12DED586200C7B8F2 /* Assets.xcassets in Resources */ = {isa = PBXBuildFile; fileRef = 1B7BA8A02DED586200C7B8F2 /* Assets.xcassets */; };
		1B7BA8A52DED586200C7B8F2 /* Preview Assets.xcassets in Resources */ = {isa = PBXBuildFile; fileRef = 1B7BA8A42DED586200C7B8F2 /* Preview Assets.xcassets */; };
		1B7BA8AF2DED586200C7B8F2 /* TalkItOutTests.swift in Sources */ = {isa = PBXBuildFile; fileRef = 1B7BA8AE2DED586200C7B8F2 /* TalkItOutTests.swift */; };
		1B7BA8B92DED586200C7B8F2 /* TalkItOutUITests.swift in Sources */ = {isa = PBXBuildFile; fileRef = 1B7BA8B82DED586200C7B8F2 /* TalkItOutUITests.swift */; };
		1B7BA8BB2DED586200C7B8F2 /* TalkItOutUITestsLaunchTests.swift in Sources */ = {isa = PBXBuildFile; fileRef = 1B7BA8BA2DED586200C7B8F2 /* TalkItOutUITestsLaunchTests.swift */; };
		1B9391A92DF4D2C9006E7710 /* SpeechRecognizer.swift in Sources */ = {isa = PBXBuildFile; fileRef = 1B9391A82DF4D2C9006E7710 /* SpeechRecognizer.swift */; };
		1B9391AF2DF603A4006E7710 /* CameraView.swift in Sources */ = {isa = PBXBuildFile; fileRef = 1B9391AE2DF603A4006E7710 /* CameraView.swift */; };
/* End PBXBuildFile section */

/* Begin PBXContainerItemProxy section */
		1B7BA8AB2DED586200C7B8F2 /* PBXContainerItemProxy */ = {
			isa = PBXContainerItemProxy;
			containerPortal = 1B7BA88C2DED586000C7B8F2 /* Project object */;
			proxyType = 1;
			remoteGlobalIDString = 1B7BA8932DED586000C7B8F2;
			remoteInfo = TalkItOut;
		};
		1B7BA8B52DED586200C7B8F2 /* PBXContainerItemProxy */ = {
			isa = PBXContainerItemProxy;
			containerPortal = 1B7BA88C2DED586000C7B8F2 /* Project object */;
			proxyType = 1;
			remoteGlobalIDString = 1B7BA8932DED586000C7B8F2;
			remoteInfo = TalkItOut;
		};
/* End PBXContainerItemProxy section */

/* Begin PBXFileReference section */
		1B7BA8942DED586000C7B8F2 /* TalkItOut.app */ = {isa = PBXFileReference; explicitFileType = wrapper.application; includeInIndex = 0; path = TalkItOut.app; sourceTree = BUILT_PRODUCTS_DIR; };
		1B7BA8972DED586000C7B8F2 /* TalkItOutApp.swift */ = {isa = PBXFileReference; lastKnownFileType = sourcecode.swift; path = TalkItOutApp.swift; sourceTree = "<group>"; };
		1B7BA8992DED586000C7B8F2 /* Persistence.swift */ = {isa = PBXFileReference; lastKnownFileType = sourcecode.swift; path = Persistence.swift; sourceTree = "<group>"; };
		1B7BA89C2DED586000C7B8F2 /* TalkItOut.xcdatamodel */ = {isa = PBXFileReference; lastKnownFileType = wrapper.xcdatamodel; path = TalkItOut.xcdatamodel; sourceTree = "<group>"; };
		1B7BA89E2DED586000C7B8F2 /* ContentView.swift */ = {isa = PBXFileReference; lastKnownFileType = sourcecode.swift; path = ContentView.swift; sourceTree = "<group>"; };
		1B7BA8A02DED586200C7B8F2 /* Assets.xcassets */ = {isa = PBXFileReference; lastKnownFileType = folder.assetcatalog; path = Assets.xcassets; sourceTree = "<group>"; };
		1B7BA8A22DED586200C7B8F2 /* TalkItOut.entitlements */ = {isa = PBXFileReference; lastKnownFileType = text.plist.entitlements; path = TalkItOut.entitlements; sourceTree = "<group>"; };
		1B7BA8A42DED586200C7B8F2 /* Preview Assets.xcassets */ = {isa = PBXFileReference; lastKnownFileType = folder.assetcatalog; path = "Preview Assets.xcassets"; sourceTree = "<group>"; };
		1B7BA8AA2DED586200C7B8F2 /* TalkItOutTests.xctest */ = {isa = PBXFileReference; explicitFileType = wrapper.cfbundle; includeInIndex = 0; path = TalkItOutTests.xctest; sourceTree = BUILT_PRODUCTS_DIR; };
		1B7BA8AE2DED586200C7B8F2 /* TalkItOutTests.swift */ = {isa = PBXFileReference; lastKnownFileType = sourcecode.swift; path = TalkItOutTests.swift; sourceTree = "<group>"; };
		1B7BA8B42DED586200C7B8F2 /* TalkItOutUITests.xctest */ = {isa = PBXFileReference; explicitFileType = wrapper.cfbundle; includeInIndex = 0; path = TalkItOutUITests.xctest; sourceTree = BUILT_PRODUCTS_DIR; };
		1B7BA8B82DED586200C7B8F2 /* TalkItOutUITests.swift */ = {isa = PBXFileReference; lastKnownFileType = sourcecode.swift; path = TalkItOutUITests.swift; sourceTree = "<group>"; };
		1B7BA8BA2DED586200C7B8F2 /* TalkItOutUITestsLaunchTests.swift */ = {isa = PBXFileReference; lastKnownFileType = sourcecode.swift; path = TalkItOutUITestsLaunchTests.swift; sourceTree = "<group>"; };
		1B9391A82DF4D2C9006E7710 /* SpeechRecognizer.swift */ = {isa = PBXFileReference; fileEncoding = 4; lastKnownFileType = sourcecode.swift; path = SpeechRecognizer.swift; sourceTree = "<group>"; };
		1B9391AC2DF568CE006E7710 /* Info.plist */ = {isa = PBXFileReference; lastKnownFileType = text.plist; name = Info.plist; path = TalkItOut/Info.plist; sourceTree = "<group>"; };
		1B9391AE2DF603A4006E7710 /* CameraView.swift */ = {isa = PBXFileReference; fileEncoding = 4; lastKnownFileType = sourcecode.swift; path = CameraView.swift; sourceTree = "<group>"; };
/* End PBXFileReference section */

/* Begin PBXFrameworksBuildPhase section */
		1B7BA8912DED586000C7B8F2 /* Frameworks */ = {
			isa = PBXFrameworksBuildPhase;
			buildActionMask = 2147483647;
			files = (
			);
			runOnlyForDeploymentPostprocessing = 0;
		};
		1B7BA8A72DED586200C7B8F2 /* Frameworks */ = {
			isa = PBXFrameworksBuildPhase;
			buildActionMask = 2147483647;
			files = (
			);
			runOnlyForDeploymentPostprocessing = 0;
		};
		1B7BA8B12DED586200C7B8F2 /* Frameworks */ = {
			isa = PBXFrameworksBuildPhase;
			buildActionMask = 2147483647;
			files = (
			);
			runOnlyForDeploymentPostprocessing = 0;
		};
/* End PBXFrameworksBuildPhase section */

/* Begin PBXGroup section */
		1B7BA88B2DED585F00C7B8F2 = {
			isa = PBXGroup;
			children = (
				1B9391AC2DF568CE006E7710 /* Info.plist */,
				1B7BA8962DED586000C7B8F2 /* TalkItOut */,
				1B7BA8AD2DED586200C7B8F2 /* TalkItOutTests */,
				1B7BA8B72DED586200C7B8F2 /* TalkItOutUITests */,
				1B7BA8952DED586000C7B8F2 /* Products */,
			);
			sourceTree = "<group>";
		};
		1B7BA8952DED586000C7B8F2 /* Products */ = {
			isa = PBXGroup;
			children = (
				1B7BA8942DED586000C7B8F2 /* TalkItOut.app */,
				1B7BA8AA2DED586200C7B8F2 /* TalkItOutTests.xctest */,
				1B7BA8B42DED586200C7B8F2 /* TalkItOutUITests.xctest */,
			);
			name = Products;
			sourceTree = "<group>";
		};
		1B7BA8962DED586000C7B8F2 /* TalkItOut */ = {
			isa = PBXGroup;
			children = (
				1B9391AE2DF603A4006E7710 /* CameraView.swift */,
				1B9391A82DF4D2C9006E7710 /* SpeechRecognizer.swift */,
				1B7BA8972DED586000C7B8F2 /* TalkItOutApp.swift */,
				1B7BA8992DED586000C7B8F2 /* Persistence.swift */,
				1B7BA89E2DED586000C7B8F2 /* ContentView.swift */,
				1B7BA8A02DED586200C7B8F2 /* Assets.xcassets */,
				1B7BA8A22DED586200C7B8F2 /* TalkItOut.entitlements */,
				1B7BA89B2DED586000C7B8F2 /* TalkItOut.xcdatamodeld */,
				1B7BA8A32DED586200C7B8F2 /* Preview Content */,
			);
			path = TalkItOut;
			sourceTree = "<group>";
		};
		1B7BA8A32DED586200C7B8F2 /* Preview Content */ = {
			isa = PBXGroup;
			children = (
				1B7BA8A42DED586200C7B8F2 /* Preview Assets.xcassets */,
			);
			path = "Preview Content";
			sourceTree = "<group>";
		};
		1B7BA8AD2DED586200C7B8F2 /* TalkItOutTests */ = {
			isa = PBXGroup;
			children = (
				1B7BA8AE2DED586200C7B8F2 /* TalkItOutTests.swift */,
			);
			path = TalkItOutTests;
			sourceTree = "<group>";
		};
		1B7BA8B72DED586200C7B8F2 /* TalkItOutUITests */ = {
			isa = PBXGroup;
			children = (
				1B7BA8B82DED586200C7B8F2 /* TalkItOutUITests.swift */,
				1B7BA8BA2DED586200C7B8F2 /* TalkItOutUITestsLaunchTests.swift */,
			);
			path = TalkItOutUITests;
			sourceTree = "<group>";
		};
/* End PBXGroup section */

/* Begin PBXNativeTarget section */
		1B7BA8932DED586000C7B8F2 /* TalkItOut */ = {
			isa = PBXNativeTarget;
			buildConfigurationList = 1B7BA8BE2DED586200C7B8F2 /* Build configuration list for PBXNativeTarget "TalkItOut" */;
			buildPhases = (
				1B7BA8902DED586000C7B8F2 /* Sources */,
				1B7BA8912DED586000C7B8F2 /* Frameworks */,
				1B7BA8922DED586000C7B8F2 /* Resources */,
			);
			buildRules = (
			);
			dependencies = (
			);
			name = TalkItOut;
			productName = TalkItOut;
			productReference = 1B7BA8942DED586000C7B8F2 /* TalkItOut.app */;
			productType = "com.apple.product-type.application";
		};
		1B7BA8A92DED586200C7B8F2 /* TalkItOutTests */ = {
			isa = PBXNativeTarget;
			buildConfigurationList = 1B7BA8C12DED586200C7B8F2 /* Build configuration list for PBXNativeTarget "TalkItOutTests" */;
			buildPhases = (
				1B7BA8A62DED586200C7B8F2 /* Sources */,
				1B7BA8A72DED586200C7B8F2 /* Frameworks */,
				1B7BA8A82DED586200C7B8F2 /* Resources */,
			);
			buildRules = (
			);
			dependencies = (
				1B7BA8AC2DED586200C7B8F2 /* PBXTargetDependency */,
			);
			name = TalkItOutTests;
			productName = TalkItOutTests;
			productReference = 1B7BA8AA2DED586200C7B8F2 /* TalkItOutTests.xctest */;
			productType = "com.apple.product-type.bundle.unit-test";
		};
		1B7BA8B32DED586200C7B8F2 /* TalkItOutUITests */ = {
			isa = PBXNativeTarget;
			buildConfigurationList = 1B7BA8C42DED586200C7B8F2 /* Build configuration list for PBXNativeTarget "TalkItOutUITests" */;
			buildPhases = (
				1B7BA8B02DED586200C7B8F2 /* Sources */,
				1B7BA8B12DED586200C7B8F2 /* Frameworks */,
				1B7BA8B22DED586200C7B8F2 /* Resources */,
			);
			buildRules = (
			);
			dependencies = (
				1B7BA8B62DED586200C7B8F2 /* PBXTargetDependency */,
			);
			name = TalkItOutUITests;
			productName = TalkItOutUITests;
			productReference = 1B7BA8B42DED586200C7B8F2 /* TalkItOutUITests.xctest */;
			productType = "com.apple.product-type.bundle.ui-testing";
		};
/* End PBXNativeTarget section */

/* Begin PBXProject section */
		1B7BA88C2DED586000C7B8F2 /* Project object */ = {
			isa = PBXProject;
			attributes = {
				BuildIndependentTargetsInParallel = 1;
				LastSwiftUpdateCheck = 1420;
				LastUpgradeCheck = 1420;
				TargetAttributes = {
					1B7BA8932DED586000C7B8F2 = {
						CreatedOnToolsVersion = 14.2;
					};
					1B7BA8A92DED586200C7B8F2 = {
						CreatedOnToolsVersion = 14.2;
						TestTargetID = 1B7BA8932DED586000C7B8F2;
					};
					1B7BA8B32DED586200C7B8F2 = {
						CreatedOnToolsVersion = 14.2;
						TestTargetID = 1B7BA8932DED586000C7B8F2;
					};
				};
			};
			buildConfigurationList = 1B7BA88F2DED586000C7B8F2 /* Build configuration list for PBXProject "TalkItOut" */;
			compatibilityVersion = "Xcode 14.0";
			developmentRegion = en;
			hasScannedForEncodings = 0;
			knownRegions = (
				en,
				Base,
			);
			mainGroup = 1B7BA88B2DED585F00C7B8F2;
			productRefGroup = 1B7BA8952DED586000C7B8F2 /* Products */;
			projectDirPath = "";
			projectRoot = "";
			targets = (
				1B7BA8932DED586000C7B8F2 /* TalkItOut */,
				1B7BA8A92DED586200C7B8F2 /* TalkItOutTests */,
				1B7BA8B32DED586200C7B8F2 /* TalkItOutUITests */,
			);
		};
/* End PBXProject section */

/* Begin PBXResourcesBuildPhase section */
		1B7BA8922DED586000C7B8F2 /* Resources */ = {
			isa = PBXResourcesBuildPhase;
			buildActionMask = 2147483647;
			files = (
				1B7BA8A52DED586200C7B8F2 /* Preview Assets.xcassets in Resources */,
				1B7BA8A12DED586200C7B8F2 /* Assets.xcassets in Resources */,
			);
			runOnlyForDeploymentPostprocessing = 0;
		};
		1B7BA8A82DED586200C7B8F2 /* Resources */ = {
			isa = PBXResourcesBuildPhase;
			buildActionMask = 2147483647;
			files = (
			);
			runOnlyForDeploymentPostprocessing = 0;
		};
		1B7BA8B22DED586200C7B8F2 /* Resources */ = {
			isa = PBXResourcesBuildPhase;
			buildActionMask = 2147483647;
			files = (
			);
			runOnlyForDeploymentPostprocessing = 0;
		};
/* End PBXResourcesBuildPhase section */

/* Begin PBXSourcesBuildPhase section */
		1B7BA8902DED586000C7B8F2 /* Sources */ = {
			isa = PBXSourcesBuildPhase;
			buildActionMask = 2147483647;
			files = (
				1B9391A92DF4D2C9006E7710 /* SpeechRecognizer.swift in Sources */,
				1B7BA89D2DED586000C7B8F2 /* TalkItOut.xcdatamodeld in Sources */,
				1B7BA8982DED586000C7B8F2 /* TalkItOutApp.swift in Sources */,
				1B9391AF2DF603A4006E7710 /* CameraView.swift in Sources */,
				1B7BA89F2DED586000C7B8F2 /* ContentView.swift in Sources */,
				1B7BA89A2DED586000C7B8F2 /* Persistence.swift in Sources */,
			);
			runOnlyForDeploymentPostprocessing = 0;
		};
		1B7BA8A62DED586200C7B8F2 /* Sources */ = {
			isa = PBXSourcesBuildPhase;
			buildActionMask = 2147483647;
			files = (
				1B7BA8AF2DED586200C7B8F2 /* TalkItOutTests.swift in Sources */,
			);
			runOnlyForDeploymentPostprocessing = 0;
		};
		1B7BA8B02DED586200C7B8F2 /* Sources */ = {
			isa = PBXSourcesBuildPhase;
			buildActionMask = 2147483647;
			files = (
				1B7BA8BB2DED586200C7B8F2 /* TalkItOutUITestsLaunchTests.swift in Sources */,
				1B7BA8B92DED586200C7B8F2 /* TalkItOutUITests.swift in Sources */,
			);
			runOnlyForDeploymentPostprocessing = 0;
		};
/* End PBXSourcesBuildPhase section */

/* Begin PBXTargetDependency section */
		1B7BA8AC2DED586200C7B8F2 /* PBXTargetDependency */ = {
			isa = PBXTargetDependency;
			target = 1B7BA8932DED586000C7B8F2 /* TalkItOut */;
			targetProxy = 1B7BA8AB2DED586200C7B8F2 /* PBXContainerItemProxy */;
		};
		1B7BA8B62DED586200C7B8F2 /* PBXTargetDependency */ = {
			isa = PBXTargetDependency;
			target = 1B7BA8932DED586000C7B8F2 /* TalkItOut */;
			targetProxy = 1B7BA8B52DED586200C7B8F2 /* PBXContainerItemProxy */;
		};
/* End PBXTargetDependency section */

/* Begin XCBuildConfiguration section */
		1B7BA8BC2DED586200C7B8F2 /* Debug */ = {
			isa = XCBuildConfiguration;
			buildSettings = {
				ALWAYS_SEARCH_USER_PATHS = NO;
				CLANG_ANALYZER_NONNULL = YES;
				CLANG_ANALYZER_NUMBER_OBJECT_CONVERSION = YES_AGGRESSIVE;
				CLANG_CXX_LANGUAGE_STANDARD = "gnu++20";
				CLANG_ENABLE_MODULES = YES;
				CLANG_ENABLE_OBJC_ARC = YES;
				CLANG_ENABLE_OBJC_WEAK = YES;
				CLANG_WARN_BLOCK_CAPTURE_AUTORELEASING = YES;
				CLANG_WARN_BOOL_CONVERSION = YES;
				CLANG_WARN_COMMA = YES;
				CLANG_WARN_CONSTANT_CONVERSION = YES;
				CLANG_WARN_DEPRECATED_OBJC_IMPLEMENTATIONS = YES;
				CLANG_WARN_DIRECT_OBJC_ISA_USAGE = YES_ERROR;
				CLANG_WARN_DOCUMENTATION_COMMENTS = YES;
				CLANG_WARN_EMPTY_BODY = YES;
				CLANG_WARN_ENUM_CONVERSION = YES;
				CLANG_WARN_INFINITE_RECURSION = YES;
				CLANG_WARN_INT_CONVERSION = YES;
				CLANG_WARN_NON_LITERAL_NULL_CONVERSION = YES;
				CLANG_WARN_OBJC_IMPLICIT_RETAIN_SELF = YES;
				CLANG_WARN_OBJC_LITERAL_CONVERSION = YES;
				CLANG_WARN_OBJC_ROOT_CLASS = YES_ERROR;
				CLANG_WARN_QUOTED_INCLUDE_IN_FRAMEWORK_HEADER = YES;
				CLANG_WARN_RANGE_LOOP_ANALYSIS = YES;
				CLANG_WARN_STRICT_PROTOTYPES = YES;
				CLANG_WARN_SUSPICIOUS_MOVE = YES;
				CLANG_WARN_UNGUARDED_AVAILABILITY = YES_AGGRESSIVE;
				CLANG_WARN_UNREACHABLE_CODE = YES;
				CLANG_WARN__DUPLICATE_METHOD_MATCH = YES;
				COPY_PHASE_STRIP = NO;
				DEBUG_INFORMATION_FORMAT = dwarf;
				ENABLE_STRICT_OBJC_MSGSEND = YES;
				ENABLE_TESTABILITY = YES;
				GCC_C_LANGUAGE_STANDARD = gnu11;
				GCC_DYNAMIC_NO_PIC = NO;
				GCC_NO_COMMON_BLOCKS = YES;
				GCC_OPTIMIZATION_LEVEL = 0;
				GCC_PREPROCESSOR_DEFINITIONS = (
					"DEBUG=1",
					"$(inherited)",
				);
				GCC_WARN_64_TO_32_BIT_CONVERSION = YES;
				GCC_WARN_ABOUT_RETURN_TYPE = YES_ERROR;
				GCC_WARN_UNDECLARED_SELECTOR = YES;
				GCC_WARN_UNINITIALIZED_AUTOS = YES_AGGRESSIVE;
				GCC_WARN_UNUSED_FUNCTION = YES;
				GCC_WARN_UNUSED_VARIABLE = YES;
				MTL_ENABLE_DEBUG_INFO = INCLUDE_SOURCE;
				MTL_FAST_MATH = YES;
				ONLY_ACTIVE_ARCH = YES;
				SWIFT_ACTIVE_COMPILATION_CONDITIONS = DEBUG;
				SWIFT_OPTIMIZATION_LEVEL = "-Onone";
			};
			name = Debug;
		};
		1B7BA8BD2DED586200C7B8F2 /* Release */ = {
			isa = XCBuildConfiguration;
			buildSettings = {
				ALWAYS_SEARCH_USER_PATHS = NO;
				CLANG_ANALYZER_NONNULL = YES;
				CLANG_ANALYZER_NUMBER_OBJECT_CONVERSION = YES_AGGRESSIVE;
				CLANG_CXX_LANGUAGE_STANDARD = "gnu++20";
				CLANG_ENABLE_MODULES = YES;
				CLANG_ENABLE_OBJC_ARC = YES;
				CLANG_ENABLE_OBJC_WEAK = YES;
				CLANG_WARN_BLOCK_CAPTURE_AUTORELEASING = YES;
				CLANG_WARN_BOOL_CONVERSION = YES;
				CLANG_WARN_COMMA = YES;
				CLANG_WARN_CONSTANT_CONVERSION = YES;
				CLANG_WARN_DEPRECATED_OBJC_IMPLEMENTATIONS = YES;
				CLANG_WARN_DIRECT_OBJC_ISA_USAGE = YES_ERROR;
				CLANG_WARN_DOCUMENTATION_COMMENTS = YES;
				CLANG_WARN_EMPTY_BODY = YES;
				CLANG_WARN_ENUM_CONVERSION = YES;
				CLANG_WARN_INFINITE_RECURSION = YES;
				CLANG_WARN_INT_CONVERSION = YES;
				CLANG_WARN_NON_LITERAL_NULL_CONVERSION = YES;
				CLANG_WARN_OBJC_IMPLICIT_RETAIN_SELF = YES;
				CLANG_WARN_OBJC_LITERAL_CONVERSION = YES;
				CLANG_WARN_OBJC_ROOT_CLASS = YES_ERROR;
				CLANG_WARN_QUOTED_INCLUDE_IN_FRAMEWORK_HEADER = YES;
				CLANG_WARN_RANGE_LOOP_ANALYSIS = YES;
				CLANG_WARN_STRICT_PROTOTYPES = YES;
				CLANG_WARN_SUSPICIOUS_MOVE = YES;
				CLANG_WARN_UNGUARDED_AVAILABILITY = YES_AGGRESSIVE;
				CLANG_WARN_UNREACHABLE_CODE = YES;
				CLANG_WARN__DUPLICATE_METHOD_MATCH = YES;
				COPY_PHASE_STRIP = NO;
				DEBUG_INFORMATION_FORMAT = "dwarf-with-dsym";
				ENABLE_NS_ASSERTIONS = NO;
				ENABLE_STRICT_OBJC_MSGSEND = YES;
				GCC_C_LANGUAGE_STANDARD = gnu11;
				GCC_NO_COMMON_BLOCKS = YES;
				GCC_WARN_64_TO_32_BIT_CONVERSION = YES;
				GCC_WARN_ABOUT_RETURN_TYPE = YES_ERROR;
				GCC_WARN_UNDECLARED_SELECTOR = YES;
				GCC_WARN_UNINITIALIZED_AUTOS = YES_AGGRESSIVE;
				GCC_WARN_UNUSED_FUNCTION = YES;
				GCC_WARN_UNUSED_VARIABLE = YES;
				MTL_ENABLE_DEBUG_INFO = NO;
				MTL_FAST_MATH = YES;
				SWIFT_COMPILATION_MODE = wholemodule;
				SWIFT_OPTIMIZATION_LEVEL = "-O";
			};
			name = Release;
		};
		1B7BA8BF2DED586200C7B8F2 /* Debug */ = {
			isa = XCBuildConfiguration;
			buildSettings = {
				ASSETCATALOG_COMPILER_APPICON_NAME = AppIcon;
				ASSETCATALOG_COMPILER_GLOBAL_ACCENT_COLOR_NAME = AccentColor;
				CODE_SIGN_ENTITLEMENTS = TalkItOut/TalkItOut.entitlements;
				CODE_SIGN_STYLE = Automatic;
				CURRENT_PROJECT_VERSION = 1;
				DEVELOPMENT_ASSET_PATHS = "\"TalkItOut/Preview Content\"";
				ENABLE_PREVIEWS = YES;
				GENERATE_INFOPLIST_FILE = YES;
				"INFOPLIST_FILE[sdk=*]" = TalkItOut/Info.plist;
				"INFOPLIST_KEY_UIApplicationSceneManifest_Generation[sdk=iphoneos*]" = YES;
				"INFOPLIST_KEY_UIApplicationSceneManifest_Generation[sdk=iphonesimulator*]" = YES;
				"INFOPLIST_KEY_UIApplicationSupportsIndirectInputEvents[sdk=iphoneos*]" = YES;
				"INFOPLIST_KEY_UIApplicationSupportsIndirectInputEvents[sdk=iphonesimulator*]" = YES;
				"INFOPLIST_KEY_UILaunchScreen_Generation[sdk=iphoneos*]" = YES;
				"INFOPLIST_KEY_UILaunchScreen_Generation[sdk=iphonesimulator*]" = YES;
				"INFOPLIST_KEY_UIStatusBarStyle[sdk=iphoneos*]" = UIStatusBarStyleDefault;
				"INFOPLIST_KEY_UIStatusBarStyle[sdk=iphonesimulator*]" = UIStatusBarStyleDefault;
				INFOPLIST_KEY_UISupportedInterfaceOrientations_iPad = "UIInterfaceOrientationPortrait UIInterfaceOrientationPortraitUpsideDown UIInterfaceOrientationLandscapeLeft UIInterfaceOrientationLandscapeRight";
				INFOPLIST_KEY_UISupportedInterfaceOrientations_iPhone = "UIInterfaceOrientationPortrait UIInterfaceOrientationLandscapeLeft UIInterfaceOrientationLandscapeRight";
				IPHONEOS_DEPLOYMENT_TARGET = 16.2;
				LD_RUNPATH_SEARCH_PATHS = "@executable_path/Frameworks";
				"LD_RUNPATH_SEARCH_PATHS[sdk=macosx*]" = "@executable_path/../Frameworks";
				MACOSX_DEPLOYMENT_TARGET = 12.7;
				MARKETING_VERSION = 1.0;
				PRODUCT_BUNDLE_IDENTIFIER = peacebridge.TalkItOut;
				PRODUCT_NAME = "$(TARGET_NAME)";
				SDKROOT = auto;
				SUPPORTED_PLATFORMS = "iphoneos iphonesimulator macosx";
				SWIFT_EMIT_LOC_STRINGS = YES;
				SWIFT_VERSION = 5.0;
				TARGETED_DEVICE_FAMILY = "1,2";
			};
			name = Debug;
		};
		1B7BA8C02DED586200C7B8F2 /* Release */ = {
			isa = XCBuildConfiguration;
			buildSettings = {
				ASSETCATALOG_COMPILER_APPICON_NAME = AppIcon;
				ASSETCATALOG_COMPILER_GLOBAL_ACCENT_COLOR_NAME = AccentColor;
				CODE_SIGN_ENTITLEMENTS = TalkItOut/TalkItOut.entitlements;
				CODE_SIGN_STYLE = Automatic;
				CURRENT_PROJECT_VERSION = 1;
				DEVELOPMENT_ASSET_PATHS = "\"TalkItOut/Preview Content\"";
				ENABLE_PREVIEWS = YES;
				GENERATE_INFOPLIST_FILE = YES;
				"INFOPLIST_FILE[sdk=*]" = TalkItOut/Info.plist;
				"INFOPLIST_KEY_UIApplicationSceneManifest_Generation[sdk=iphoneos*]" = YES;
				"INFOPLIST_KEY_UIApplicationSceneManifest_Generation[sdk=iphonesimulator*]" = YES;
				"INFOPLIST_KEY_UIApplicationSupportsIndirectInputEvents[sdk=iphoneos*]" = YES;
				"INFOPLIST_KEY_UIApplicationSupportsIndirectInputEvents[sdk=iphonesimulator*]" = YES;
				"INFOPLIST_KEY_UILaunchScreen_Generation[sdk=iphoneos*]" = YES;
				"INFOPLIST_KEY_UILaunchScreen_Generation[sdk=iphonesimulator*]" = YES;
				"INFOPLIST_KEY_UIStatusBarStyle[sdk=iphoneos*]" = UIStatusBarStyleDefault;
				"INFOPLIST_KEY_UIStatusBarStyle[sdk=iphonesimulator*]" = UIStatusBarStyleDefault;
				INFOPLIST_KEY_UISupportedInterfaceOrientations_iPad = "UIInterfaceOrientationPortrait UIInterfaceOrientationPortraitUpsideDown UIInterfaceOrientationLandscapeLeft UIInterfaceOrientationLandscapeRight";
				INFOPLIST_KEY_UISupportedInterfaceOrientations_iPhone = "UIInterfaceOrientationPortrait UIInterfaceOrientationLandscapeLeft UIInterfaceOrientationLandscapeRight";
				IPHONEOS_DEPLOYMENT_TARGET = 16.2;
				LD_RUNPATH_SEARCH_PATHS = "@executable_path/Frameworks";
				"LD_RUNPATH_SEARCH_PATHS[sdk=macosx*]" = "@executable_path/../Frameworks";
				MACOSX_DEPLOYMENT_TARGET = 12.7;
				MARKETING_VERSION = 1.0;
				PRODUCT_BUNDLE_IDENTIFIER = peacebridge.TalkItOut;
				PRODUCT_NAME = "$(TARGET_NAME)";
				SDKROOT = auto;
				SUPPORTED_PLATFORMS = "iphoneos iphonesimulator macosx";
				SWIFT_EMIT_LOC_STRINGS = YES;
				SWIFT_VERSION = 5.0;
				TARGETED_DEVICE_FAMILY = "1,2";
			};
			name = Release;
		};
		1B7BA8C22DED586200C7B8F2 /* Debug */ = {
			isa = XCBuildConfiguration;
			buildSettings = {
				ALWAYS_EMBED_SWIFT_STANDARD_LIBRARIES = YES;
				BUNDLE_LOADER = "$(TEST_HOST)";
				CODE_SIGN_STYLE = Automatic;
				CURRENT_PROJECT_VERSION = 1;
				GENERATE_INFOPLIST_FILE = YES;
				IPHONEOS_DEPLOYMENT_TARGET = 16.2;
				MACOSX_DEPLOYMENT_TARGET = 12.7;
				MARKETING_VERSION = 1.0;
				PRODUCT_BUNDLE_IDENTIFIER = peacebridge.TalkItOutTests;
				PRODUCT_NAME = "$(TARGET_NAME)";
				SDKROOT = auto;
				SUPPORTED_PLATFORMS = "iphoneos iphonesimulator macosx";
				SWIFT_EMIT_LOC_STRINGS = NO;
				SWIFT_VERSION = 5.0;
				TARGETED_DEVICE_FAMILY = "1,2";
				TEST_HOST = "$(BUILT_PRODUCTS_DIR)/TalkItOut.app/$(BUNDLE_EXECUTABLE_FOLDER_PATH)/TalkItOut";
			};
			name = Debug;
		};
		1B7BA8C32DED586200C7B8F2 /* Release */ = {
			isa = XCBuildConfiguration;
			buildSettings = {
				ALWAYS_EMBED_SWIFT_STANDARD_LIBRARIES = YES;
				BUNDLE_LOADER = "$(TEST_HOST)";
				CODE_SIGN_STYLE = Automatic;
				CURRENT_PROJECT_VERSION = 1;
				GENERATE_INFOPLIST_FILE = YES;
				IPHONEOS_DEPLOYMENT_TARGET = 16.2;
				MACOSX_DEPLOYMENT_TARGET = 12.7;
				MARKETING_VERSION = 1.0;
				PRODUCT_BUNDLE_IDENTIFIER = peacebridge.TalkItOutTests;
				PRODUCT_NAME = "$(TARGET_NAME)";
				SDKROOT = auto;
				SUPPORTED_PLATFORMS = "iphoneos iphonesimulator macosx";
				SWIFT_EMIT_LOC_STRINGS = NO;
				SWIFT_VERSION = 5.0;
				TARGETED_DEVICE_FAMILY = "1,2";
				TEST_HOST = "$(BUILT_PRODUCTS_DIR)/TalkItOut.app/$(BUNDLE_EXECUTABLE_FOLDER_PATH)/TalkItOut";
			};
			name = Release;
		};
		1B7BA8C52DED586200C7B8F2 /* Debug */ = {
			isa = XCBuildConfiguration;
			buildSettings = {
				ALWAYS_EMBED_SWIFT_STANDARD_LIBRARIES = YES;
				CODE_SIGN_STYLE = Automatic;
				CURRENT_PROJECT_VERSION = 1;
				GENERATE_INFOPLIST_FILE = YES;
				IPHONEOS_DEPLOYMENT_TARGET = 16.2;
				MACOSX_DEPLOYMENT_TARGET = 12.7;
				MARKETING_VERSION = 1.0;
				PRODUCT_BUNDLE_IDENTIFIER = peacebridge.TalkItOutUITests;
				PRODUCT_NAME = "$(TARGET_NAME)";
				SDKROOT = auto;
				SUPPORTED_PLATFORMS = "iphoneos iphonesimulator macosx";
				SWIFT_EMIT_LOC_STRINGS = NO;
				SWIFT_VERSION = 5.0;
				TARGETED_DEVICE_FAMILY = "1,2";
				TEST_TARGET_NAME = TalkItOut;
			};
			name = Debug;
		};
		1B7BA8C62DED586200C7B8F2 /* Release */ = {
			isa = XCBuildConfiguration;
			buildSettings = {
				ALWAYS_EMBED_SWIFT_STANDARD_LIBRARIES = YES;
				CODE_SIGN_STYLE = Automatic;
				CURRENT_PROJECT_VERSION = 1;
				GENERATE_INFOPLIST_FILE = YES;
				IPHONEOS_DEPLOYMENT_TARGET = 16.2;
				MACOSX_DEPLOYMENT_TARGET = 12.7;
				MARKETING_VERSION = 1.0;
				PRODUCT_BUNDLE_IDENTIFIER = peacebridge.TalkItOutUITests;
				PRODUCT_NAME = "$(TARGET_NAME)";
				SDKROOT = auto;
				SUPPORTED_PLATFORMS = "iphoneos iphonesimulator macosx";
				SWIFT_EMIT_LOC_STRINGS = NO;
				SWIFT_VERSION = 5.0;
				TARGETED_DEVICE_FAMILY = "1,2";
				TEST_TARGET_NAME = TalkItOut;
			};
			name = Release;
		};
/* End XCBuildConfiguration section */

/* Begin XCConfigurationList section */
		1B7BA88F2DED586000C7B8F2 /* Build configuration list for PBXProject "TalkItOut" */ = {
			isa = XCConfigurationList;
			buildConfigurations = (
				1B7BA8BC2DED586200C7B8F2 /* Debug */,
				1B7BA8BD2DED586200C7B8F2 /* Release */,
			);
			defaultConfigurationIsVisible = 0;
			defaultConfigurationName = Release;
		};
		1B7BA8BE2DED586200C7B8F2 /* Build configuration list for PBXNativeTarget "TalkItOut" */ = {
			isa = XCConfigurationList;
			buildConfigurations = (
				1B7BA8BF2DED586200C7B8F2 /* Debug */,
				1B7BA8C02DED586200C7B8F2 /* Release */,
			);
			defaultConfigurationIsVisible = 0;
			defaultConfigurationName = Release;
		};
		1B7BA8C12DED586200C7B8F2 /* Build configuration list for PBXNativeTarget "TalkItOutTests" */ = {
			isa = XCConfigurationList;
			buildConfigurations = (
				1B7BA8C22DED586200C7B8F2 /* Debug */,
				1B7BA8C32DED586200C7B8F2 /* Release */,
			);
			defaultConfigurationIsVisible = 0;
			defaultConfigurationName = Release;
		};
		1B7BA8C42DED586200C7B8F2 /* Build configuration list for PBXNativeTarget "TalkItOutUITests" */ = {
			isa = XCConfigurationList;
			buildConfigurations = (
				1B7BA8C52DED586200C7B8F2 /* Debug */,
				1B7BA8C62DED586200C7B8F2 /* Release */,
			);
			defaultConfigurationIsVisible = 0;
			defaultConfigurationName = Release;
		};
/* End XCConfigurationList section */

/* Begin XCVersionGroup section */
		1B7BA89B2DED586000C7B8F2 /* TalkItOut.xcdatamodeld */ = {
			isa = XCVersionGroup;
			children = (
				1B7BA89C2DED586000C7B8F2 /* TalkItOut.xcdatamodel */,
			);
			currentVersion = 1B7BA89C2DED586000C7B8F2 /* TalkItOut.xcdatamodel */;
			path = TalkItOut.xcdatamodeld;
			sourceTree = "<group>";
			versionGroupType = wrapper.xcdatamodel;
		};
/* End XCVersionGroup section */
	};
	rootObject = 1B7BA88C2DED586000C7B8F2 /* Project object */;
}
